
Microsoft Visual Studio Solution File, Format Version 12.00
# Visual Studio 15
VisualStudioVersion = 15.0.26730.16
MinimumVisualStudioVersion = 10.0.40219.1
Project("{8BC9CEB8-8B4A-11D0-8D11-00A0C91BC942}") = "Actor", "Actor\Actor.vcxproj", "{5AED54ED-AEBB-42E3-BE92-3F1D1DEA9CB3}"
EndProject
Global
	GlobalSection(SolutionConfigurationPlatforms) = preSolution
		Debug|x64 = Debug|x64
		Debug|x86 = Debug|x86
		Release|x64 = Release|x64
		Release|x86 = Release|x86
	EndGlobalSection
	GlobalSection(ProjectConfigurationPlatforms) = postSolution
		{5AED54ED-AEBB-42E3-BE92-3F1D1DEA9CB3}.Debug|x64.ActiveCfg = Debug|x64
		{5AED54ED-AEBB-42E3-BE92-3F1D1DEA9CB3}.Debug|x64.Build.0 = Debug|x64
		{5AED54ED-AEBB-42E3-BE92-3F1D1DEA9CB3}.Debug|x86.ActiveCfg = Debug|Win32
		{5AED54ED-AEBB-42E3-BE92-3F1D1DEA9CB3}.Debug|x86.Build.0 = Debug|Win32
		{5AED54ED-AEBB-42E3-BE92-3F1D1DEA9CB3}.Release|x64.ActiveCfg = Release|x64
		{5AED54ED-AEBB-42E3-BE92-3F1D1DEA9CB3}.Release|x64.Build.0 = Release|x64
		{5AED54ED-AEBB-42E3-BE92-3F1D1DEA9CB3}.Release|x86.ActiveCfg = Release|Win32
		{5AED54ED-AEBB-42E3-BE92-3F1D1DEA9CB3}.Release|x86.Build.0 = Release|Win32
	EndGlobalSection
	GlobalSection(SolutionProperties) = preSolution
		HideSolutionNode = FALSE
	EndGlobalSection
	GlobalSection(ExtensibilityGlobals) = postSolution
		SolutionGuid = {85CB3F8D-A8DA-4F85-935B-DC5D26D752D4}
	EndGlobalSection
EndGlobal
